
Microsoft Visual Studio Solution File, Format Version 12.00
# Visual Studio Version 17
VisualStudioVersion = 17.0.31825.309
MinimumVisualStudioVersion = 10.0.40219.1
Project("{2150E333-8FDC-42A3-9474-1A3956D46DE8}") = "Solution Items", "Solution Items", "{A61AE05F-634C-46DE-9565-3D4C16514115}"
	ProjectSection(SolutionItems) = preProject
		docker-compose.yml = docker-compose.yml
	EndProjectSection
EndProject
Project("{9A19103F-16F7-4668-BE54-9A1E7A4F7556}") = "Popug.Accounts.Management", "Popug.Account.Management\Popug.Accounts.Management.csproj", "{54642C23-BD35-4CF9-9B32-D67F661E885E}"
EndProject
Project("{9A19103F-16F7-4668-BE54-9A1E7A4F7556}") = "Popug.Common", "Popug.Common\Popug.Common.csproj", "{6398CDF4-82D0-472B-8C87-009B26B20DCF}"
EndProject
Project("{2150E333-8FDC-42A3-9474-1A3956D46DE8}") = "Accounts", "Accounts", "{4B665FA4-2A32-471F-A800-39DC48155F98}"
EndProject
Project("{9A19103F-16F7-4668-BE54-9A1E7A4F7556}") = "Popug.Accounts.Repository", "Popug.Accounts.Repository\Popug.Accounts.Repository.csproj", "{6CC1B3DC-2FD7-40A1-A9C0-9109110A6956}"
EndProject
Project("{2150E333-8FDC-42A3-9474-1A3956D46DE8}") = "Tasks", "Tasks", "{2218F68D-241A-4DE0-AA89-0EA534E030B9}"
EndProject
Project("{9A19103F-16F7-4668-BE54-9A1E7A4F7556}") = "Popug.Tasks.Repository", "Popug.Tasks.Repository\Popug.Tasks.Repository.csproj", "{E6A5CF7E-A79F-4650-A176-BF9EAB3A26CE}"
EndProject
Project("{9A19103F-16F7-4668-BE54-9A1E7A4F7556}") = "Popug.Tasks.Consumer", "Popug.Tasks.Consumer\Popug.Tasks.Consumer.csproj", "{A98F9BBC-9F16-43D0-869E-3FC3DE7709E8}"
EndProject
Project("{9A19103F-16F7-4668-BE54-9A1E7A4F7556}") = "Popug.Accounts.IdentityServer", "Popug.Accounts.IdentityServer\Popug.Accounts.IdentityServer.csproj", "{00E06C5D-CA33-47C7-873C-B30E91D6F941}"
EndProject
Project("{9A19103F-16F7-4668-BE54-9A1E7A4F7556}") = "Popug.Accounts.Authentication", "Popug.Accounts.Authentication\Popug.Accounts.Authentication.csproj", "{7876DDC8-4F06-4D61-AF6B-857973CEE1ED}"
EndProject
Project("{2150E333-8FDC-42A3-9474-1A3956D46DE8}") = "Messages", "Messages", "{11EF5A04-8C05-4E4A-99D1-EA26CC00091C}"
EndProject
Project("{9A19103F-16F7-4668-BE54-9A1E7A4F7556}") = "Popug.Messages.Contracts", "Popug.Messages.Contracts\Popug.Messages.Contracts.csproj", "{4DEF5299-8764-48D7-B706-A695D3A72406}"
EndProject
Project("{9A19103F-16F7-4668-BE54-9A1E7A4F7556}") = "Popug.Messages.Kafka", "Popug.Messages.Kafka\Popug.Messages.Kafka.csproj", "{5B47C6E1-669E-4A18-81C2-0BEEE889CD65}"
EndProject
Project("{9A19103F-16F7-4668-BE54-9A1E7A4F7556}") = "Popug.Tasks.Management", "Popug.Tasks.Management\Popug.Tasks.Management.csproj", "{0F38249D-323D-4086-A494-00755248924E}"
EndProject
Project("{9A19103F-16F7-4668-BE54-9A1E7A4F7556}") = "Popug.Messages.Contracts.Tests", "Popug.Messages.Contracts.Tests\Popug.Messages.Contracts.Tests.csproj", "{13499F9E-DA12-42BA-841E-FF42CF792140}"
EndProject
Project("{2150E333-8FDC-42A3-9474-1A3956D46DE8}") = "Billing", "Billing", "{2B5048BC-D50F-4FD5-AA71-5E874C61DDFB}"
EndProject
Project("{2150E333-8FDC-42A3-9474-1A3956D46DE8}") = "Reporting", "Reporting", "{0940DEF2-F297-4DD8-91A8-F2D8A2BD7C41}"
EndProject
Project("{FAE04EC0-301F-11D3-BF4B-00C04F79EFBC}") = "Popug.Billing.Pricing", "Popug.Billing.Pricing\Popug.Billing.Pricing.csproj", "{76B0C568-AB31-42CF-9CA1-C7D0E2D6857F}"
EndProject
Project("{FAE04EC0-301F-11D3-BF4B-00C04F79EFBC}") = "Popug.BillingRepository", "Popug.BillingRepository\Popug.BillingRepository.csproj", "{C1DCCCBB-788B-4EA8-8378-1625DDC92891}"
EndProject
Project("{FAE04EC0-301F-11D3-BF4B-00C04F79EFBC}") = "Popug.Billing.Repository.Redis", "Popug.Billing.Repository.Redis\Popug.Billing.Repository.Redis.csproj", "{706E6BAB-F6E0-4720-970B-23A47BA67EC7}"
EndProject
Global
	GlobalSection(SolutionConfigurationPlatforms) = preSolution
		Debug|Any CPU = Debug|Any CPU
		Release|Any CPU = Release|Any CPU
	EndGlobalSection
	GlobalSection(ProjectConfigurationPlatforms) = postSolution
		{54642C23-BD35-4CF9-9B32-D67F661E885E}.Debug|Any CPU.ActiveCfg = Debug|Any CPU
		{54642C23-BD35-4CF9-9B32-D67F661E885E}.Debug|Any CPU.Build.0 = Debug|Any CPU
		{54642C23-BD35-4CF9-9B32-D67F661E885E}.Release|Any CPU.ActiveCfg = Release|Any CPU
		{54642C23-BD35-4CF9-9B32-D67F661E885E}.Release|Any CPU.Build.0 = Release|Any CPU
		{6398CDF4-82D0-472B-8C87-009B26B20DCF}.Debug|Any CPU.ActiveCfg = Debug|Any CPU
		{6398CDF4-82D0-472B-8C87-009B26B20DCF}.Debug|Any CPU.Build.0 = Debug|Any CPU
		{6398CDF4-82D0-472B-8C87-009B26B20DCF}.Release|Any CPU.ActiveCfg = Release|Any CPU
		{6398CDF4-82D0-472B-8C87-009B26B20DCF}.Release|Any CPU.Build.0 = Release|Any CPU
		{6CC1B3DC-2FD7-40A1-A9C0-9109110A6956}.Debug|Any CPU.ActiveCfg = Debug|Any CPU
		{6CC1B3DC-2FD7-40A1-A9C0-9109110A6956}.Debug|Any CPU.Build.0 = Debug|Any CPU
		{6CC1B3DC-2FD7-40A1-A9C0-9109110A6956}.Release|Any CPU.ActiveCfg = Release|Any CPU
		{6CC1B3DC-2FD7-40A1-A9C0-9109110A6956}.Release|Any CPU.Build.0 = Release|Any CPU
		{E6A5CF7E-A79F-4650-A176-BF9EAB3A26CE}.Debug|Any CPU.ActiveCfg = Debug|Any CPU
		{E6A5CF7E-A79F-4650-A176-BF9EAB3A26CE}.Debug|Any CPU.Build.0 = Debug|Any CPU
		{E6A5CF7E-A79F-4650-A176-BF9EAB3A26CE}.Release|Any CPU.ActiveCfg = Release|Any CPU
		{E6A5CF7E-A79F-4650-A176-BF9EAB3A26CE}.Release|Any CPU.Build.0 = Release|Any CPU
		{A98F9BBC-9F16-43D0-869E-3FC3DE7709E8}.Debug|Any CPU.ActiveCfg = Debug|Any CPU
		{A98F9BBC-9F16-43D0-869E-3FC3DE7709E8}.Debug|Any CPU.Build.0 = Debug|Any CPU
		{A98F9BBC-9F16-43D0-869E-3FC3DE7709E8}.Release|Any CPU.ActiveCfg = Release|Any CPU
		{A98F9BBC-9F16-43D0-869E-3FC3DE7709E8}.Release|Any CPU.Build.0 = Release|Any CPU
		{00E06C5D-CA33-47C7-873C-B30E91D6F941}.Debug|Any CPU.ActiveCfg = Debug|Any CPU
		{00E06C5D-CA33-47C7-873C-B30E91D6F941}.Debug|Any CPU.Build.0 = Debug|Any CPU
		{00E06C5D-CA33-47C7-873C-B30E91D6F941}.Release|Any CPU.ActiveCfg = Release|Any CPU
		{00E06C5D-CA33-47C7-873C-B30E91D6F941}.Release|Any CPU.Build.0 = Release|Any CPU
		{7876DDC8-4F06-4D61-AF6B-857973CEE1ED}.Debug|Any CPU.ActiveCfg = Debug|Any CPU
		{7876DDC8-4F06-4D61-AF6B-857973CEE1ED}.Debug|Any CPU.Build.0 = Debug|Any CPU
		{7876DDC8-4F06-4D61-AF6B-857973CEE1ED}.Release|Any CPU.ActiveCfg = Release|Any CPU
		{7876DDC8-4F06-4D61-AF6B-857973CEE1ED}.Release|Any CPU.Build.0 = Release|Any CPU
		{4DEF5299-8764-48D7-B706-A695D3A72406}.Debug|Any CPU.ActiveCfg = Debug|Any CPU
		{4DEF5299-8764-48D7-B706-A695D3A72406}.Debug|Any CPU.Build.0 = Debug|Any CPU
		{4DEF5299-8764-48D7-B706-A695D3A72406}.Release|Any CPU.ActiveCfg = Release|Any CPU
		{4DEF5299-8764-48D7-B706-A695D3A72406}.Release|Any CPU.Build.0 = Release|Any CPU
		{5B47C6E1-669E-4A18-81C2-0BEEE889CD65}.Debug|Any CPU.ActiveCfg = Debug|Any CPU
		{5B47C6E1-669E-4A18-81C2-0BEEE889CD65}.Debug|Any CPU.Build.0 = Debug|Any CPU
		{5B47C6E1-669E-4A18-81C2-0BEEE889CD65}.Release|Any CPU.ActiveCfg = Release|Any CPU
		{5B47C6E1-669E-4A18-81C2-0BEEE889CD65}.Release|Any CPU.Build.0 = Release|Any CPU
		{0F38249D-323D-4086-A494-00755248924E}.Debug|Any CPU.ActiveCfg = Debug|Any CPU
		{0F38249D-323D-4086-A494-00755248924E}.Debug|Any CPU.Build.0 = Debug|Any CPU
		{0F38249D-323D-4086-A494-00755248924E}.Release|Any CPU.ActiveCfg = Release|Any CPU
		{0F38249D-323D-4086-A494-00755248924E}.Release|Any CPU.Build.0 = Release|Any CPU
		{13499F9E-DA12-42BA-841E-FF42CF792140}.Debug|Any CPU.ActiveCfg = Debug|Any CPU
		{13499F9E-DA12-42BA-841E-FF42CF792140}.Debug|Any CPU.Build.0 = Debug|Any CPU
		{13499F9E-DA12-42BA-841E-FF42CF792140}.Release|Any CPU.ActiveCfg = Release|Any CPU
		{13499F9E-DA12-42BA-841E-FF42CF792140}.Release|Any CPU.Build.0 = Release|Any CPU
		{76B0C568-AB31-42CF-9CA1-C7D0E2D6857F}.Debug|Any CPU.ActiveCfg = Debug|Any CPU
		{76B0C568-AB31-42CF-9CA1-C7D0E2D6857F}.Debug|Any CPU.Build.0 = Debug|Any CPU
		{76B0C568-AB31-42CF-9CA1-C7D0E2D6857F}.Release|Any CPU.ActiveCfg = Release|Any CPU
		{76B0C568-AB31-42CF-9CA1-C7D0E2D6857F}.Release|Any CPU.Build.0 = Release|Any CPU
		{C1DCCCBB-788B-4EA8-8378-1625DDC92891}.Debug|Any CPU.ActiveCfg = Debug|Any CPU
		{C1DCCCBB-788B-4EA8-8378-1625DDC92891}.Debug|Any CPU.Build.0 = Debug|Any CPU
		{C1DCCCBB-788B-4EA8-8378-1625DDC92891}.Release|Any CPU.ActiveCfg = Release|Any CPU
		{C1DCCCBB-788B-4EA8-8378-1625DDC92891}.Release|Any CPU.Build.0 = Release|Any CPU
		{706E6BAB-F6E0-4720-970B-23A47BA67EC7}.Debug|Any CPU.ActiveCfg = Debug|Any CPU
		{706E6BAB-F6E0-4720-970B-23A47BA67EC7}.Debug|Any CPU.Build.0 = Debug|Any CPU
		{706E6BAB-F6E0-4720-970B-23A47BA67EC7}.Release|Any CPU.ActiveCfg = Release|Any CPU
		{706E6BAB-F6E0-4720-970B-23A47BA67EC7}.Release|Any CPU.Build.0 = Release|Any CPU
	EndGlobalSection
	GlobalSection(SolutionProperties) = preSolution
		HideSolutionNode = FALSE
	EndGlobalSection
	GlobalSection(NestedProjects) = preSolution
		{54642C23-BD35-4CF9-9B32-D67F661E885E} = {4B665FA4-2A32-471F-A800-39DC48155F98}
		{6CC1B3DC-2FD7-40A1-A9C0-9109110A6956} = {4B665FA4-2A32-471F-A800-39DC48155F98}
		{E6A5CF7E-A79F-4650-A176-BF9EAB3A26CE} = {2218F68D-241A-4DE0-AA89-0EA534E030B9}
		{A98F9BBC-9F16-43D0-869E-3FC3DE7709E8} = {2218F68D-241A-4DE0-AA89-0EA534E030B9}
		{00E06C5D-CA33-47C7-873C-B30E91D6F941} = {4B665FA4-2A32-471F-A800-39DC48155F98}
		{7876DDC8-4F06-4D61-AF6B-857973CEE1ED} = {4B665FA4-2A32-471F-A800-39DC48155F98}
		{4DEF5299-8764-48D7-B706-A695D3A72406} = {11EF5A04-8C05-4E4A-99D1-EA26CC00091C}
		{5B47C6E1-669E-4A18-81C2-0BEEE889CD65} = {11EF5A04-8C05-4E4A-99D1-EA26CC00091C}
		{0F38249D-323D-4086-A494-00755248924E} = {2218F68D-241A-4DE0-AA89-0EA534E030B9}
		{13499F9E-DA12-42BA-841E-FF42CF792140} = {11EF5A04-8C05-4E4A-99D1-EA26CC00091C}
		{76B0C568-AB31-42CF-9CA1-C7D0E2D6857F} = {2B5048BC-D50F-4FD5-AA71-5E874C61DDFB}
		{C1DCCCBB-788B-4EA8-8378-1625DDC92891} = {2B5048BC-D50F-4FD5-AA71-5E874C61DDFB}
		{706E6BAB-F6E0-4720-970B-23A47BA67EC7} = {2B5048BC-D50F-4FD5-AA71-5E874C61DDFB}
	EndGlobalSection
	GlobalSection(ExtensibilityGlobals) = postSolution
		SolutionGuid = {547477A0-3920-4655-BF7C-610C9E182570}
	EndGlobalSection
EndGlobal
